{
  "originHash" : "cac60300aa9e9b308f3268b32223527b3984bedd40d1d4b6de97ae86eb0d2a73",
  "pins" : [
    {
      "identity" : "twitchirc",
      "kind" : "remoteSourceControl",
      "location" : "https://github.com/MahdiBM/TwitchIRC",
      "state" : {
        "revision" : "036f70385fe4f6d30ad2634699eb1e8e00b52087",
        "version" : "1.6.0"
      }
    }
  ],
  "version" : 3
}
